
Microsoft Visual Studio Solution File, Format Version 12.00
# Visual Studio Version 17
VisualStudioVersion = 17.7.34018.315
MinimumVisualStudioVersion = 10.0.40219.1
Project("{8BC9CEB8-8B4A-11D0-8D11-00A0C91BC942}") = "WindowBase", "WindowBase\WindowBase.vcxproj", "{981B3061-809E-4FDC-833D-8BD93C2F6F55}"
EndProject
Global
	GlobalSection(SolutionConfigurationPlatforms) = preSolution
		Debug|x64 = Debug|x64
		Debug|x86 = Debug|x86
		Release|x64 = Release|x64
		Release|x86 = Release|x86
	EndGlobalSection
	GlobalSection(ProjectConfigurationPlatforms) = postSolution
		{981B3061-809E-4FDC-833D-8BD93C2F6F55}.Debug|x64.ActiveCfg = Debug|x64
		{981B3061-809E-4FDC-833D-8BD93C2F6F55}.Debug|x64.Build.0 = Debug|x64
		{981B3061-809E-4FDC-833D-8BD93C2F6F55}.Debug|x86.ActiveCfg = Debug|Win32
		{981B3061-809E-4FDC-833D-8BD93C2F6F55}.Debug|x86.Build.0 = Debug|Win32
		{981B3061-809E-4FDC-833D-8BD93C2F6F55}.Release|x64.ActiveCfg = Release|x64
		{981B3061-809E-4FDC-833D-8BD93C2F6F55}.Release|x64.Build.0 = Release|x64
		{981B3061-809E-4FDC-833D-8BD93C2F6F55}.Release|x86.ActiveCfg = Release|Win32
		{981B3061-809E-4FDC-833D-8BD93C2F6F55}.Release|x86.Build.0 = Release|Win32
	EndGlobalSection
	GlobalSection(SolutionProperties) = preSolution
		HideSolutionNode = FALSE
	EndGlobalSection
	GlobalSection(ExtensibilityGlobals) = postSolution
		SolutionGuid = {07C20A1A-7B79-419B-8F2F-D6E08E3DD6EF}
	EndGlobalSection
EndGlobal
